
Microsoft Visual Studio Solution File, Format Version 12.00
# Visual Studio Version 16
VisualStudioVersion = 16.0.31729.503
MinimumVisualStudioVersion = 10.0.40219.1
Project("{FAE04EC0-301F-11D3-BF4B-00C04F79EFBC}") = "The Best Fuel", "The Best Fuel\The Best Fuel.csproj", "{8D022BD0-858C-481F-AF06-12CF09DBD25B}"
EndProject
Global
	GlobalSection(SolutionConfigurationPlatforms) = preSolution
		Debug|Any CPU = Debug|Any CPU
		Release|Any CPU = Release|Any CPU
	EndGlobalSection
	GlobalSection(ProjectConfigurationPlatforms) = postSolution
		{8D022BD0-858C-481F-AF06-12CF09DBD25B}.Debug|Any CPU.ActiveCfg = Debug|Any CPU
		{8D022BD0-858C-481F-AF06-12CF09DBD25B}.Debug|Any CPU.Build.0 = Debug|Any CPU
		{8D022BD0-858C-481F-AF06-12CF09DBD25B}.Release|Any CPU.ActiveCfg = Release|Any CPU
		{8D022BD0-858C-481F-AF06-12CF09DBD25B}.Release|Any CPU.Build.0 = Release|Any CPU
	EndGlobalSection
	GlobalSection(SolutionProperties) = preSolution
		HideSolutionNode = FALSE
	EndGlobalSection
	GlobalSection(ExtensibilityGlobals) = postSolution
		SolutionGuid = {F36DD7F9-C64A-454D-B91D-1486ACB396A6}
	EndGlobalSection
EndGlobal
